
Microsoft Visual Studio Solution File, Format Version 12.00
# Visual Studio 2015
Project("{FAE04EC0-301F-11D3-BF4B-00C04F79EFBC}") = "Escape Room.CSharp", "Escape Room.CSharp.csproj", "{9FB180B4-5388-2300-269D-18E0DCFBC6C8}"
EndProject
Project("{FAE04EC0-301F-11D3-BF4B-00C04F79EFBC}") = "Escape Room.CSharp.Editor", "Escape Room.CSharp.Editor.csproj", "{31A62363-6274-F5A3-A688-AB229659F1E2}"
EndProject
Global
	GlobalSection(SolutionConfigurationPlatforms) = preSolution
		Debug|Any CPU = Debug|Any CPU
		Release|Any CPU = Release|Any CPU
	EndGlobalSection
	GlobalSection(ProjectConfigurationPlatforms) = postSolution
		{9FB180B4-5388-2300-269D-18E0DCFBC6C8}.Debug|Any CPU.ActiveCfg = Debug|Any CPU
		{9FB180B4-5388-2300-269D-18E0DCFBC6C8}.Debug|Any CPU.Build.0 = Debug|Any CPU
		{9FB180B4-5388-2300-269D-18E0DCFBC6C8}.Release|Any CPU.ActiveCfg = Release|Any CPU
		{9FB180B4-5388-2300-269D-18E0DCFBC6C8}.Release|Any CPU.Build.0 = Release|Any CPU
		{31A62363-6274-F5A3-A688-AB229659F1E2}.Debug|Any CPU.ActiveCfg = Debug|Any CPU
		{31A62363-6274-F5A3-A688-AB229659F1E2}.Debug|Any CPU.Build.0 = Debug|Any CPU
		{31A62363-6274-F5A3-A688-AB229659F1E2}.Release|Any CPU.ActiveCfg = Release|Any CPU
		{31A62363-6274-F5A3-A688-AB229659F1E2}.Release|Any CPU.Build.0 = Release|Any CPU
	EndGlobalSection
	GlobalSection(SolutionProperties) = preSolution
		HideSolutionNode = FALSE
	EndGlobalSection
EndGlobal
